
Microsoft Visual Studio Solution File, Format Version 12.00
# Visual Studio Version 17
VisualStudioVersion = 17.7.34221.43
MinimumVisualStudioVersion = 10.0.40219.1
Project("{FAE04EC0-301F-11D3-BF4B-00C04F79EFBC}") = "Veiculos.Api", "Veiculos.Api.csproj", "{D7F61417-79DE-4B51-992D-5F32235FFFF6}"
EndProject
Global
	GlobalSection(SolutionConfigurationPlatforms) = preSolution
		Debug|Any CPU = Debug|Any CPU
		Release|Any CPU = Release|Any CPU
	EndGlobalSection
	GlobalSection(ProjectConfigurationPlatforms) = postSolution
		{D7F61417-79DE-4B51-992D-5F32235FFFF6}.Debug|Any CPU.ActiveCfg = Debug|Any CPU
		{D7F61417-79DE-4B51-992D-5F32235FFFF6}.Debug|Any CPU.Build.0 = Debug|Any CPU
		{D7F61417-79DE-4B51-992D-5F32235FFFF6}.Release|Any CPU.ActiveCfg = Release|Any CPU
		{D7F61417-79DE-4B51-992D-5F32235FFFF6}.Release|Any CPU.Build.0 = Release|Any CPU
	EndGlobalSection
	GlobalSection(SolutionProperties) = preSolution
		HideSolutionNode = FALSE
	EndGlobalSection
	GlobalSection(ExtensibilityGlobals) = postSolution
		SolutionGuid = {DE832E56-5877-4478-A4C2-B3ED543B0641}
	EndGlobalSection
EndGlobal
